github.com/krakend/flatmap v1.2.0 h1:4NPncAKH7Ca/t878kbGlc/LPWLa+m4sgBhs8aT2Q1SY=
github.com/krakend/flatmap v1.2.0/go.mod h1:FyCOoggdVlWr31+aQaOFvBxlMgYfCE5yuwInLbW1/jM=
github.com/krakend/krakend-gologging/v3 v3.0.0-20260730160554-30abc7118c3c h1:9agAvVMgez/58oMm5Pz1XtiSiETFruD9U0xVqyaWB/w=
github.com/krakend/krakend-gologging/v3 v3.0.0-20260730160554-30abc7118c3c/go.mod h1:qArFid9mV0EzETPOr2NwaNfuxgEGrj/OW0W3SFmN5eI=
github.com/luraproject/lura/v3 v3.0.0-20260729144624-4b3057d09348 h1:YRwdVhhjjdSqcPhBVXwbceXV6GUFcTWY9iFasOODEUE=
github.com/luraproject/lura/v3 v3.0.0-20260729144624-4b3057d09348/go.mod h1:rg4I/Oe8nxfEf5V5OpaZj1dLI8HLacHA55HO3x1S5k4=
github.com/op/go-logging v0.0.0-20160315200505-970db520ece7 h1:lDH9UUVJtmYCjyT0CI4q8xvlXPxeZ0gYCVvWbmPlp88=
github.com/op/go-logging v0.0.0-20160315200505-970db520ece7/go.mod h1:HzydrMdWErDVzsI23lYNej1Htcns9BCg93Dk0bBINWk=
github.com/valyala/fastrand v1.1.0 h1:f+5HkLW4rsgzdNoleUOB69hyT9IlD2ZQh9GyDMfb5G8=
github.com/valyala/fastrand v1.1.0/go.mod h1:HWqCzkrkg6QXT8V2EXWvXCoow7vLwOFN002oeRzjapQ=
golang.org/x/text v0.37.0 h1:Cqjiwd9eSg8e0QAkyCaQTNHFIIzWtidPahFWR83rTrc=
golang.org/x/text v0.37.0/go.mod h1:a5sjxXGs9hsn/AJVwuElvCAo9v8QYLzvavO5z2PiM38=
